
Microsoft Visual Studio Solution File, Format Version 12.00
# Visual Studio 15
VisualStudioVersion = 15.0.27703.1
MinimumVisualStudioVersion = 10.0.40219.1
Project("{FAE04EC0-301F-11D3-BF4B-00C04F79EFBC}") = "Invictus", "Invictus\Invictus.csproj", "{6AE24B00-124C-419B-BFCB-E6D086CFADC2}"
EndProject
Global
	GlobalSection(SolutionConfigurationPlatforms) = preSolution
		Debug|Any CPU = Debug|Any CPU
		Release|Any CPU = Release|Any CPU
	EndGlobalSection
	GlobalSection(ProjectConfigurationPlatforms) = postSolution
		{6AE24B00-124C-419B-BFCB-E6D086CFADC2}.Debug|Any CPU.ActiveCfg = Debug|Any CPU
		{6AE24B00-124C-419B-BFCB-E6D086CFADC2}.Debug|Any CPU.Build.0 = Debug|Any CPU
		{6AE24B00-124C-419B-BFCB-E6D086CFADC2}.Release|Any CPU.ActiveCfg = Release|Any CPU
		{6AE24B00-124C-419B-BFCB-E6D086CFADC2}.Release|Any CPU.Build.0 = Release|Any CPU
	EndGlobalSection
	GlobalSection(SolutionProperties) = preSolution
		HideSolutionNode = FALSE
	EndGlobalSection
	GlobalSection(ExtensibilityGlobals) = postSolution
		SolutionGuid = {7E5521C9-0ABD-48A1-85CE-8773BF5C813A}
	EndGlobalSection
EndGlobal
